// !$*UTF8*$!
{
	archiveVersion = 1;
	classes = {
	};
	objectVersion = 46;
	objects = {

/* Begin PBXBuildFile section */
		04185AA21B8AEFE10087F0F4 /* main.m in Sources */ = {isa = PBXBuildFile; fileRef = 04185AA11B8AEFE10087F0F4 /* main.m */; };
		04185AA51B8AEFE10087F0F4 /* AppDelegate.m in Sources */ = {isa = PBXBuildFile; fileRef = 04185AA41B8AEFE10087F0F4 /* AppDelegate.m */; };
		04185AA81B8AEFE10087F0F4 /* ViewController.m in Sources */ = {isa = PBXBuildFile; fileRef = 04185AA71B8AEFE10087F0F4 /* ViewController.m */; };
		04185AAB1B8AEFE10087F0F4 /* Main.storyboard in Resources */ = {isa = PBXBuildFile; fileRef = 04185AA91B8AEFE10087F0F4 /* Main.storyboard */; };
		04185AAD1B8AEFE20087F0F4 /* Images.xcassets in Resources */ = {isa = PBXBuildFile; fileRef = 04185AAC1B8AEFE20087F0F4 /* Images.xcassets */; };
		04185AB01B8AEFE20087F0F4 /* LaunchScreen.xib in Resources */ = {isa = PBXBuildFile; fileRef = 04185AAE1B8AEFE20087F0F4 /* LaunchScreen.xib */; };
		04185ABC1B8AEFE20087F0F4 /* test_assignmentTests.m in Sources */ = {isa = PBXBuildFile; fileRef = 04185ABB1B8AEFE20087F0F4 /* test_assignmentTests.m */; };
		04185AD01B8AF4E90087F0F4 /* CustomerTableViewController.m in Sources */ = {isa = PBXBuildFile; fileRef = 04185ACF1B8AF4E90087F0F4 /* CustomerTableViewController.m */; };
		04185AD31B8AF9150087F0F4 /* myModel.m in Sources */ = {isa = PBXBuildFile; fileRef = 04185AD21B8AF9150087F0F4 /* myModel.m */; };
		04185AD61B8AF94D0087F0F4 /* customCell.m in Sources */ = {isa = PBXBuildFile; fileRef = 04185AD51B8AF94D0087F0F4 /* customCell.m */; };
		0441D0EA1B8B5733005FA221 /* ShowDetailViewController.m in Sources */ = {isa = PBXBuildFile; fileRef = 0441D0E91B8B5733005FA221 /* ShowDetailViewController.m */; };
		04C17DE51B8C312300B32DBE /* MapKit.framework in Frameworks */ = {isa = PBXBuildFile; fileRef = 04C17DE41B8C312300B32DBE /* MapKit.framework */; };
		04C17DE81B8C386A00B32DBE /* MapPoint.m in Sources */ = {isa = PBXBuildFile; fileRef = 04C17DE71B8C386A00B32DBE /* MapPoint.m */; };
		04C17DEA1B8C3A0600B32DBE /* map2.png in Resources */ = {isa = PBXBuildFile; fileRef = 04C17DE91B8C3A0600B32DBE /* map2.png */; };
/* End PBXBuildFile section */

/* Begin PBXContainerItemProxy section */
		04185AB61B8AEFE20087F0F4 /* PBXContainerItemProxy */ = {
			isa = PBXContainerItemProxy;
			containerPortal = 04185A941B8AEFE10087F0F4 /* Project object */;
			proxyType = 1;
			remoteGlobalIDString = 04185A9B1B8AEFE10087F0F4;
			remoteInfo = test_assignment;
		};
/* End PBXContainerItemProxy section */

/* Begin PBXFileReference section */
		04185A9C1B8AEFE10087F0F4 /* test_assignment.app */ = {isa = PBXFileReference; explicitFileType = wrapper.application; includeInIndex = 0; path = test_assignment.app; sourceTree = BUILT_PRODUCTS_DIR; };
		04185AA01B8AEFE10087F0F4 /* Info.plist */ = {isa = PBXFileReference; lastKnownFileType = text.plist.xml; path = Info.plist; sourceTree = "<group>"; };
		04185AA11B8AEFE10087F0F4 /* main.m */ = {isa = PBXFileReference; lastKnownFileType = sourcecode.c.objc; path = main.m; sourceTree = "<group>"; };
		04185AA31B8AEFE10087F0F4 /* AppDelegate.h */ = {isa = PBXFileReference; lastKnownFileType = sourcecode.c.h; path = AppDelegate.h; sourceTree = "<group>"; };
		04185AA41B8AEFE10087F0F4 /* AppDelegate.m */ = {isa = PBXFileReference; lastKnownFileType = sourcecode.c.objc; path = AppDelegate.m; sourceTree = "<group>"; };
		04185AA61B8AEFE10087F0F4 /* ViewController.h */ = {isa = PBXFileReference; lastKnownFileType = sourcecode.c.h; path = ViewController.h; sourceTree = "<group>"; };
		04185AA71B8AEFE10087F0F4 /* ViewController.m */ = {isa = PBXFileReference; lastKnownFileType = sourcecode.c.objc; path = ViewController.m; sourceTree = "<group>"; };
		04185AAA1B8AEFE10087F0F4 /* Base */ = {isa = PBXFileReference; lastKnownFileType = file.storyboard; name = Base; path = Base.lproj/Main.storyboard; sourceTree = "<group>"; };
		04185AAC1B8AEFE20087F0F4 /* Images.xcassets */ = {isa = PBXFileReference; lastKnownFileType = folder.assetcatalog; path = Images.xcassets; sourceTree = "<group>"; };
		04185AAF1B8AEFE20087F0F4 /* Base */ = {isa = PBXFileReference; lastKnownFileType = file.xib; name = Base; path = Base.lproj/LaunchScreen.xib; sourceTree = "<group>"; };
		04185AB51B8AEFE20087F0F4 /* test_assignmentTests.xctest */ = {isa = PBXFileReference; explicitFileType = wrapper.cfbundle; includeInIndex = 0; path = test_assignmentTests.xctest; sourceTree = BUILT_PRODUCTS_DIR; };
		04185ABA1B8AEFE20087F0F4 /* Info.plist */ = {isa = PBXFileReference; lastKnownFileType = text.plist.xml; path = Info.plist; sourceTree = "<group>"; };
		04185ABB1B8AEFE20087F0F4 /* test_assignmentTests.m */ = {isa = PBXFileReference; lastKnownFileType = sourcecode.c.objc; path = test_assignmentTests.m; sourceTree = "<group>"; };
		04185ACE1B8AF4E90087F0F4 /* CustomerTableViewController.h */ = {isa = PBXFileReference; fileEncoding = 4; lastKnownFileType = sourcecode.c.h; path = CustomerTableViewController.h; sourceTree = "<group>"; };
		04185ACF1B8AF4E90087F0F4 /* CustomerTableViewController.m */ = {isa = PBXFileReference; fileEncoding = 4; lastKnownFileType = sourcecode.c.objc; path = CustomerTableViewController.m; sourceTree = "<group>"; };
		04185AD11B8AF9150087F0F4 /* myModel.h */ = {isa = PBXFileReference; fileEncoding = 4; lastKnownFileType = sourcecode.c.h; path = myModel.h; sourceTree = "<group>"; };
		04185AD21B8AF9150087F0F4 /* myModel.m */ = {isa = PBXFileReference; fileEncoding = 4; lastKnownFileType = sourcecode.c.objc; path = myModel.m; sourceTree = "<group>"; };
		04185AD41B8AF94D0087F0F4 /* customCell.h */ = {isa = PBXFileReference; fileEncoding = 4; lastKnownFileType = sourcecode.c.h; path = customCell.h; sourceTree = "<group>"; };
		04185AD51B8AF94D0087F0F4 /* customCell.m */ = {isa = PBXFileReference; fileEncoding = 4; lastKnownFileType = sourcecode.c.objc; path = customCell.m; sourceTree = "<group>"; };
		0441D0E81B8B5733005FA221 /* ShowDetailViewController.h */ = {isa = PBXFileReference; fileEncoding = 4; lastKnownFileType = sourcecode.c.h; path = ShowDetailViewController.h; sourceTree = "<group>"; };
		0441D0E91B8B5733005FA221 /* ShowDetailViewController.m */ = {isa = PBXFileReference; fileEncoding = 4; lastKnownFileType = sourcecode.c.objc; path = ShowDetailViewController.m; sourceTree = "<group>"; };
		04C17DE41B8C312300B32DBE /* MapKit.framework */ = {isa = PBXFileReference; lastKnownFileType = wrapper.framework; name = MapKit.framework; path = System/Library/Frameworks/MapKit.framework; sourceTree = SDKROOT; };
		04C17DE61B8C386A00B32DBE /* MapPoint.h */ = {isa = PBXFileReference; fileEncoding = 4; lastKnownFileType = sourcecode.c.h; path = MapPoint.h; sourceTree = "<group>"; };
		04C17DE71B8C386A00B32DBE /* MapPoint.m */ = {isa = PBXFileReference; fileEncoding = 4; lastKnownFileType = sourcecode.c.objc; path = MapPoint.m; sourceTree = "<group>"; };
		04C17DE91B8C3A0600B32DBE /* map2.png */ = {isa = PBXFileReference; lastKnownFileType = image.png; path = map2.png; sourceTree = "<group>"; };
/* End PBXFileReference section */

/* Begin PBXFrameworksBuildPhase section */
		04185A991B8AEFE10087F0F4 /* Frameworks */ = {
			isa = PBXFrameworksBuildPhase;
			buildActionMask = 2147483647;
			files = (
				04C17DE51B8C312300B32DBE /* MapKit.framework in Frameworks */,
			);
			runOnlyForDeploymentPostprocessing = 0;
		};
		04185AB21B8AEFE20087F0F4 /* Frameworks */ = {
			isa = PBXFrameworksBuildPhase;
			buildActionMask = 2147483647;
			files = (
			);
			runOnlyForDeploymentPostprocessing = 0;
		};
/* End PBXFrameworksBuildPhase section */

/* Begin PBXGroup section */
		04185A931B8AEFE10087F0F4 = {
			isa = PBXGroup;
			children = (
				04C17DE41B8C312300B32DBE /* MapKit.framework */,
				04185A9E1B8AEFE10087F0F4 /* test_assignment */,
				04185AB81B8AEFE20087F0F4 /* test_assignmentTests */,
				04185A9D1B8AEFE10087F0F4 /* Products */,
			);
			sourceTree = "<group>";
		};
		04185A9D1B8AEFE10087F0F4 /* Products */ = {
			isa = PBXGroup;
			children = (
				04185A9C1B8AEFE10087F0F4 /* test_assignment.app */,
				04185AB51B8AEFE20087F0F4 /* test_assignmentTests.xctest */,
			);
			name = Products;
			sourceTree = "<group>";
		};
		04185A9E1B8AEFE10087F0F4 /* test_assignment */ = {
			isa = PBXGroup;
			children = (
				04185AA31B8AEFE10087F0F4 /* AppDelegate.h */,
				04C17DE61B8C386A00B32DBE /* MapPoint.h */,
				04C17DE91B8C3A0600B32DBE /* map2.png */,
				04C17DE71B8C386A00B32DBE /* MapPoint.m */,
				04185AA41B8AEFE10087F0F4 /* AppDelegate.m */,
				04185AA61B8AEFE10087F0F4 /* ViewController.h */,
				04185AA71B8AEFE10087F0F4 /* ViewController.m */,
				04185ACE1B8AF4E90087F0F4 /* CustomerTableViewController.h */,
				0441D0E81B8B5733005FA221 /* ShowDetailViewController.h */,
				0441D0E91B8B5733005FA221 /* ShowDetailViewController.m */,
				04185ACF1B8AF4E90087F0F4 /* CustomerTableViewController.m */,
				04185AA91B8AEFE10087F0F4 /* Main.storyboard */,
				04185AAC1B8AEFE20087F0F4 /* Images.xcassets */,
				04185AAE1B8AEFE20087F0F4 /* LaunchScreen.xib */,
				04185A9F1B8AEFE10087F0F4 /* Supporting Files */,
				04185AD11B8AF9150087F0F4 /* myModel.h */,
				04185AD21B8AF9150087F0F4 /* myModel.m */,
			);
			path = test_assignment;
			sourceTree = "<group>";
		};
		04185A9F1B8AEFE10087F0F4 /* Supporting Files */ = {
			isa = PBXGroup;
			children = (
				04185AA01B8AEFE10087F0F4 /* Info.plist */,
				04185AA11B8AEFE10087F0F4 /* main.m */,
				04185AD41B8AF94D0087F0F4 /* customCell.h */,
				04185AD51B8AF94D0087F0F4 /* customCell.m */,
			);
			name = "Supporting Files";
			sourceTree = "<group>";
		};
		04185AB81B8AEFE20087F0F4 /* test_assignmentTests */ = {
			isa = PBXGroup;
			children = (
				04185ABB1B8AEFE20087F0F4 /* test_assignmentTests.m */,
				04185AB91B8AEFE20087F0F4 /* Supporting Files */,
			);
			path = test_assignmentTests;
			sourceTree = "<group>";
		};
		04185AB91B8AEFE20087F0F4 /* Supporting Files */ = {
			isa = PBXGroup;
			children = (
				04185ABA1B8AEFE20087F0F4 /* Info.plist */,
			);
			name = "Supporting Files";
			sourceTree = "<group>";
		};
/* End PBXGroup section */

/* Begin PBXNativeTarget section */
		04185A9B1B8AEFE10087F0F4 /* test_assignment */ = {
			isa = PBXNativeTarget;
			buildConfigurationList = 04185ABF1B8AEFE20087F0F4 /* Build configuration list for PBXNativeTarget "test_assignment" */;
			buildPhases = (
				04185A981B8AEFE10087F0F4 /* Sources */,
				04185A991B8AEFE10087F0F4 /* Frameworks */,
				04185A9A1B8AEFE10087F0F4 /* Resources */,
			);
			buildRules = (
			);
			dependencies = (
			);
			name = test_assignment;
			productName = test_assignment;
			productReference = 04185A9C1B8AEFE10087F0F4 /* test_assignment.app */;
			productType = "com.apple.product-type.application";
		};
		04185AB41B8AEFE20087F0F4 /* test_assignmentTests */ = {
			isa = PBXNativeTarget;
			buildConfigurationList = 04185AC21B8AEFE20087F0F4 /* Build configuration list for PBXNativeTarget "test_assignmentTests" */;
			buildPhases = (
				04185AB11B8AEFE20087F0F4 /* Sources */,
				04185AB21B8AEFE20087F0F4 /* Frameworks */,
				04185AB31B8AEFE20087F0F4 /* Resources */,
			);
			buildRules = (
			);
			dependencies = (
				04185AB71B8AEFE20087F0F4 /* PBXTargetDependency */,
			);
			name = test_assignmentTests;
			productName = test_assignmentTests;
			productReference = 04185AB51B8AEFE20087F0F4 /* test_assignmentTests.xctest */;
			productType = "com.apple.product-type.bundle.unit-test";
		};
/* End PBXNativeTarget section */

/* Begin PBXProject section */
		04185A941B8AEFE10087F0F4 /* Project object */ = {
			isa = PBXProject;
			attributes = {
				LastUpgradeCheck = 0640;
				ORGANIZATIONNAME = mac;
				TargetAttributes = {
					04185A9B1B8AEFE10087F0F4 = {
						CreatedOnToolsVersion = 6.4;
					};
					04185AB41B8AEFE20087F0F4 = {
						CreatedOnToolsVersion = 6.4;
						TestTargetID = 04185A9B1B8AEFE10087F0F4;
					};
				};
			};
			buildConfigurationList = 04185A971B8AEFE10087F0F4 /* Build configuration list for PBXProject "test_assignment" */;
			compatibilityVersion = "Xcode 3.2";
			developmentRegion = English;
			hasScannedForEncodings = 0;
			knownRegions = (
				en,
				Base,
			);
			mainGroup = 04185A931B8AEFE10087F0F4;
			productRefGroup = 04185A9D1B8AEFE10087F0F4 /* Products */;
			projectDirPath = "";
			projectRoot = "";
			targets = (
				04185A9B1B8AEFE10087F0F4 /* test_assignment */,
				04185AB41B8AEFE20087F0F4 /* test_assignmentTests */,
			);
		};
/* End PBXProject section */

/* Begin PBXResourcesBuildPhase section */
		04185A9A1B8AEFE10087F0F4 /* Resources */ = {
			isa = PBXResourcesBuildPhase;
			buildActionMask = 2147483647;
			files = (
				04185AAB1B8AEFE10087F0F4 /* Main.storyboard in Resources */,
				04185AB01B8AEFE20087F0F4 /* LaunchScreen.xib in Resources */,
				04185AAD1B8AEFE20087F0F4 /* Images.xcassets in Resources */,
				04C17DEA1B8C3A0600B32DBE /* map2.png in Resources */,
			);
			runOnlyForDeploymentPostprocessing = 0;
		};
		04185AB31B8AEFE20087F0F4 /* Resources */ = {
			isa = PBXResourcesBuildPhase;
			buildActionMask = 2147483647;
			files = (
			);
			runOnlyForDeploymentPostprocessing = 0;
		};
/* End PBXResourcesBuildPhase section */

/* Begin PBXSourcesBuildPhase section */
		04185A981B8AEFE10087F0F4 /* Sources */ = {
			isa = PBXSourcesBuildPhase;
			buildActionMask = 2147483647;
			files = (
				0441D0EA1B8B5733005FA221 /* ShowDetailViewController.m in Sources */,
				04185AD61B8AF94D0087F0F4 /* customCell.m in Sources */,
				04185AA81B8AEFE10087F0F4 /* ViewController.m in Sources */,
				04185AD01B8AF4E90087F0F4 /* CustomerTableViewController.m in Sources */,
				04185AA51B8AEFE10087F0F4 /* AppDelegate.m in Sources */,
				04C17DE81B8C386A00B32DBE /* MapPoint.m in Sources */,
				04185AA21B8AEFE10087F0F4 /* main.m in Sources */,
				04185AD31B8AF9150087F0F4 /* myModel.m in Sources */,
			);
			runOnlyForDeploymentPostprocessing = 0;
		};
		04185AB11B8AEFE20087F0F4 /* Sources */ = {
			isa = PBXSourcesBuildPhase;
			buildActionMask = 2147483647;
			files = (
				04185ABC1B8AEFE20087F0F4 /* test_assignmentTests.m in Sources */,
			);
			runOnlyForDeploymentPostprocessing = 0;
		};
/* End PBXSourcesBuildPhase section */

/* Begin PBXTargetDependency section */
		04185AB71B8AEFE20087F0F4 /* PBXTargetDependency */ = {
			isa = PBXTargetDependency;
			target = 04185A9B1B8AEFE10087F0F4 /* test_assignment */;
			targetProxy = 04185AB61B8AEFE20087F0F4 /* PBXContainerItemProxy */;
		};
/* End PBXTargetDependency section */

/* Begin PBXVariantGroup section */
		04185AA91B8AEFE10087F0F4 /* Main.storyboard */ = {
			isa = PBXVariantGroup;
			children = (
				04185AAA1B8AEFE10087F0F4 /* Base */,
			);
			name = Main.storyboard;
			sourceTree = "<group>";
		};
		04185AAE1B8AEFE20087F0F4 /* LaunchScreen.xib */ = {
			isa = PBXVariantGroup;
			children = (
				04185AAF1B8AEFE20087F0F4 /* Base */,
			);
			name = LaunchScreen.xib;
			sourceTree = "<group>";
		};
/* End PBXVariantGroup section */

/* Begin XCBuildConfiguration section */
		04185ABD1B8AEFE20087F0F4 /* Debug */ = {
			isa = XCBuildConfiguration;
			buildSettings = {
				ALWAYS_SEARCH_USER_PATHS = NO;
				CLANG_CXX_LANGUAGE_STANDARD = "gnu++0x";
				CLANG_CXX_LIBRARY = "libc++";
				CLANG_ENABLE_MODULES = YES;
				CLANG_ENABLE_OBJC_ARC = YES;
				CLANG_WARN_BOOL_CONVERSION = YES;
				CLANG_WARN_CONSTANT_CONVERSION = YES;
				CLANG_WARN_DIRECT_OBJC_ISA_USAGE = YES_ERROR;
				CLANG_WARN_EMPTY_BODY = YES;
				CLANG_WARN_ENUM_CONVERSION = YES;
				CLANG_WARN_INT_CONVERSION = YES;
				CLANG_WARN_OBJC_ROOT_CLASS = YES_ERROR;
				CLANG_WARN_UNREACHABLE_CODE = YES;
				CLANG_WARN__DUPLICATE_METHOD_MATCH = YES;
				"CODE_SIGN_IDENTITY[sdk=iphoneos*]" = "iPhone Developer";
				COPY_PHASE_STRIP = NO;
				DEBUG_INFORMATION_FORMAT = "dwarf-with-dsym";
				ENABLE_STRICT_OBJC_MSGSEND = YES;
				GCC_C_LANGUAGE_STANDARD = gnu99;
				GCC_DYNAMIC_NO_PIC = NO;
				GCC_NO_COMMON_BLOCKS = YES;
				GCC_OPTIMIZATION_LEVEL = 0;
				GCC_PREPROCESSOR_DEFINITIONS = (
					"DEBUG=1",
					"$(inherited)",
				);
				GCC_SYMBOLS_PRIVATE_EXTERN = NO;
				GCC_WARN_64_TO_32_BIT_CONVERSION = YES;
				GCC_WARN_ABOUT_RETURN_TYPE = YES_ERROR;
				GCC_WARN_UNDECLARED_SELECTOR = YES;
				GCC_WARN_UNINITIALIZED_AUTOS = YES_AGGRESSIVE;
				GCC_WARN_UNUSED_FUNCTION = YES;
				GCC_WARN_UNUSED_VARIABLE = YES;
				IPHONEOS_DEPLOYMENT_TARGET = 8.4;
				MTL_ENABLE_DEBUG_INFO = YES;
				ONLY_ACTIVE_ARCH = YES;
				SDKROOT = iphoneos;
			};
			name = Debug;
		};
		04185ABE1B8AEFE20087F0F4 /* Release */ = {
			isa = XCBuildConfiguration;
			buildSettings = {
				ALWAYS_SEARCH_USER_PATHS = NO;
				CLANG_CXX_LANGUAGE_STANDARD = "gnu++0x";
				CLANG_CXX_LIBRARY = "libc++";
				CLANG_ENABLE_MODULES = YES;
				CLANG_ENABLE_OBJC_ARC = YES;
				CLANG_WARN_BOOL_CONVERSION = YES;
				CLANG_WARN_CONSTANT_CONVERSION = YES;
				CLANG_WARN_DIRECT_OBJC_ISA_USAGE = YES_ERROR;
				CLANG_WARN_EMPTY_BODY = YES;
				CLANG_WARN_ENUM_CONVERSION = YES;
				CLANG_WARN_INT_CONVERSION = YES;
				CLANG_WARN_OBJC_ROOT_CLASS = YES_ERROR;
				CLANG_WARN_UNREACHABLE_CODE = YES;
				CLANG_WARN__DUPLICATE_METHOD_MATCH = YES;
				"CODE_SIGN_IDENTITY[sdk=iphoneos*]" = "iPhone Developer";
				COPY_PHASE_STRIP = NO;
				DEBUG_INFORMATION_FORMAT = "dwarf-with-dsym";
				ENABLE_NS_ASSERTIONS = NO;
				ENABLE_STRICT_OBJC_MSGSEND = YES;
				GCC_C_LANGUAGE_STANDARD = gnu99;
				GCC_NO_COMMON_BLOCKS = YES;
				GCC_WARN_64_TO_32_BIT_CONVERSION = YES;
				GCC_WARN_ABOUT_RETURN_TYPE = YES_ERROR;
				GCC_WARN_UNDECLARED_SELECTOR = YES;
				GCC_WARN_UNINITIALIZED_AUTOS = YES_AGGRESSIVE;
				GCC_WARN_UNUSED_FUNCTION = YES;
				GCC_WARN_UNUSED_VARIABLE = YES;
				IPHONEOS_DEPLOYMENT_TARGET = 8.4;
				MTL_ENABLE_DEBUG_INFO = NO;
				SDKROOT = iphoneos;
				VALIDATE_PRODUCT = YES;
			};
			name = Release;
		};
		04185AC01B8AEFE20087F0F4 /* Debug */ = {
			isa = XCBuildConfiguration;
			buildSettings = {
				ASSETCATALOG_COMPILER_APPICON_NAME = AppIcon;
				INFOPLIST_FILE = test_assignment/Info.plist;
				LD_RUNPATH_SEARCH_PATHS = "$(inherited) @executable_path/Frameworks";
				PRODUCT_NAME = "$(TARGET_NAME)";
			};
			name = Debug;
		};
		04185AC11B8AEFE20087F0F4 /* Release */ = {
			isa = XCBuildConfiguration;
			buildSettings = {
				ASSETCATALOG_COMPILER_APPICON_NAME = AppIcon;
				INFOPLIST_FILE = test_assignment/Info.plist;
				LD_RUNPATH_SEARCH_PATHS = "$(inherited) @executable_path/Frameworks";
				PRODUCT_NAME = "$(TARGET_NAME)";
			};
			name = Release;
		};
		04185AC31B8AEFE20087F0F4 /* Debug */ = {
			isa = XCBuildConfiguration;
			buildSettings = {
				BUNDLE_LOADER = "$(TEST_HOST)";
				FRAMEWORK_SEARCH_PATHS = (
					"$(SDKROOT)/Developer/Library/Frameworks",
					"$(inherited)",
				);
				GCC_PREPROCESSOR_DEFINITIONS = (
					"DEBUG=1",
					"$(inherited)",
				);
				INFOPLIST_FILE = test_assignmentTests/Info.plist;
				LD_RUNPATH_SEARCH_PATHS = "$(inherited) @executable_path/Frameworks @loader_path/Frameworks";
				PRODUCT_NAME = "$(TARGET_NAME)";
				TEST_HOST = "$(BUILT_PRODUCTS_DIR)/test_assignment.app/test_assignment";
			};
			name = Debug;
		};
		04185AC41B8AEFE20087F0F4 /* Release */ = {
			isa = XCBuildConfiguration;
			buildSettings = {
				BUNDLE_LOADER = "$(TEST_HOST)";
				FRAMEWORK_SEARCH_PATHS = (
					"$(SDKROOT)/Developer/Library/Frameworks",
					"$(inherited)",
				);
				INFOPLIST_FILE = test_assignmentTests/Info.plist;
				LD_RUNPATH_SEARCH_PATHS = "$(inherited) @executable_path/Frameworks @loader_path/Frameworks";
				PRODUCT_NAME = "$(TARGET_NAME)";
				TEST_HOST = "$(BUILT_PRODUCTS_DIR)/test_assignment.app/test_assignment";
			};
			name = Release;
		};
/* End XCBuildConfiguration section */

/* Begin XCConfigurationList section */
		04185A971B8AEFE10087F0F4 /* Build configuration list for PBXProject "test_assignment" */ = {
			isa = XCConfigurationList;
			buildConfigurations = (
				04185ABD1B8AEFE20087F0F4 /* Debug */,
				04185ABE1B8AEFE20087F0F4 /* Release */,
			);
			defaultConfigurationIsVisible = 0;
			defaultConfigurationName = Release;
		};
		04185ABF1B8AEFE20087F0F4 /* Build configuration list for PBXNativeTarget "test_assignment" */ = {
			isa = XCConfigurationList;
			buildConfigurations = (
				04185AC01B8AEFE20087F0F4 /* Debug */,
				04185AC11B8AEFE20087F0F4 /* Release */,
			);
			defaultConfigurationIsVisible = 0;
			defaultConfigurationName = Release;
		};
		04185AC21B8AEFE20087F0F4 /* Build configuration list for PBXNativeTarget "test_assignmentTests" */ = {
			isa = XCConfigurationList;
			buildConfigurations = (
				04185AC31B8AEFE20087F0F4 /* Debug */,
				04185AC41B8AEFE20087F0F4 /* Release */,
			);
			defaultConfigurationIsVisible = 0;
			defaultConfigurationName = Release;
		};
/* End XCConfigurationList section */
	};
	rootObject = 04185A941B8AEFE10087F0F4 /* Project object */;
}
